// !$*UTF8*$!
{
	archiveVersion = 1;
	classes = {
	};
	objectVersion = 50;
	objects = {

/* Begin PBXBuildFile section */
		FA2D3C252507C5460056126F /* AppDelegate.swift in Sources */ = {isa = PBXBuildFile; fileRef = FA2D3C242507C5460056126F /* AppDelegate.swift */; };
		FA2D3C272507C5460056126F /* SceneDelegate.swift in Sources */ = {isa = PBXBuildFile; fileRef = FA2D3C262507C5460056126F /* SceneDelegate.swift */; };
		FA2D3C2B2507C5480056126F /* Assets.xcassets in Resources */ = {isa = PBXBuildFile; fileRef = FA2D3C2A2507C5480056126F /* Assets.xcassets */; };
		FA2D3C2E2507C5480056126F /* Preview Assets.xcassets in Resources */ = {isa = PBXBuildFile; fileRef = FA2D3C2D2507C5480056126F /* Preview Assets.xcassets */; };
		FA2D3C312507C5480056126F /* LaunchScreen.storyboard in Resources */ = {isa = PBXBuildFile; fileRef = FA2D3C2F2507C5480056126F /* LaunchScreen.storyboard */; };
		FA2D3C3B2507C56A0056126F /* FeedView.swift in Sources */ = {isa = PBXBuildFile; fileRef = FA2D3C3A2507C56A0056126F /* FeedView.swift */; };
		FA2D3C3D2507C5C60056126F /* FeedViewModel.swift in Sources */ = {isa = PBXBuildFile; fileRef = FA2D3C3C2507C5C60056126F /* FeedViewModel.swift */; };
		FA2D3C452507C61E0056126F /* User.swift in Sources */ = {isa = PBXBuildFile; fileRef = FA2D3C432507C61E0056126F /* User.swift */; };
		FA2D3C482507C6240056126F /* UserService.swift in Sources */ = {isa = PBXBuildFile; fileRef = FA2D3C472507C6240056126F /* UserService.swift */; };
		FA2D3C582507C75D0056126F /* ApiErrors.swift in Sources */ = {isa = PBXBuildFile; fileRef = FA2D3C572507C75D0056126F /* ApiErrors.swift */; };
		FA2D3C5B2507D6EE0056126F /* UserApiRouter.swift in Sources */ = {isa = PBXBuildFile; fileRef = FA2D3C5A2507D6EE0056126F /* UserApiRouter.swift */; };
		FA2D3C5F2507DB470056126F /* UserView.swift in Sources */ = {isa = PBXBuildFile; fileRef = FA2D3C5E2507DA8E0056126F /* UserView.swift */; };
		FA2D3C602507DB4B0056126F /* UserViewModel.swift in Sources */ = {isa = PBXBuildFile; fileRef = FA2D3C5D2507DA8E0056126F /* UserViewModel.swift */; };
		FA2D3C682507DEA40056126F /* SwiftUiDemonstrationTests.swift in Sources */ = {isa = PBXBuildFile; fileRef = FA2D3C672507DEA40056126F /* SwiftUiDemonstrationTests.swift */; };
		FA2D3C6F2507DF120056126F /* UserService.swift in Sources */ = {isa = PBXBuildFile; fileRef = FA2D3C472507C6240056126F /* UserService.swift */; };
		FA2D3C712507E0850056126F /* User.swift in Sources */ = {isa = PBXBuildFile; fileRef = FA2D3C432507C61E0056126F /* User.swift */; };
		FA2D3C752507E0B90056126F /* UserApiRouter.swift in Sources */ = {isa = PBXBuildFile; fileRef = FA2D3C5A2507D6EE0056126F /* UserApiRouter.swift */; };
		FA2D3C762507E0BD0056126F /* ApiErrors.swift in Sources */ = {isa = PBXBuildFile; fileRef = FA2D3C572507C75D0056126F /* ApiErrors.swift */; };
		FA2D3C782507E0C40056126F /* UserView.swift in Sources */ = {isa = PBXBuildFile; fileRef = FA2D3C5E2507DA8E0056126F /* UserView.swift */; };
		FA2D3C792507E0C60056126F /* UserViewModel.swift in Sources */ = {isa = PBXBuildFile; fileRef = FA2D3C5D2507DA8E0056126F /* UserViewModel.swift */; };
		FA2D3C7A2507E0C80056126F /* FeedView.swift in Sources */ = {isa = PBXBuildFile; fileRef = FA2D3C3A2507C56A0056126F /* FeedView.swift */; };
		FA2D3C7B2507E0CB0056126F /* FeedViewModel.swift in Sources */ = {isa = PBXBuildFile; fileRef = FA2D3C3C2507C5C60056126F /* FeedViewModel.swift */; };
		FA7949BC2507E72800048D9A /* APIService.swift in Sources */ = {isa = PBXBuildFile; fileRef = FA7949B92507E72800048D9A /* APIService.swift */; };
		FA7949BD2507E72800048D9A /* APIService.swift in Sources */ = {isa = PBXBuildFile; fileRef = FA7949B92507E72800048D9A /* APIService.swift */; };
		FA7949BE2507E72800048D9A /* Router.swift in Sources */ = {isa = PBXBuildFile; fileRef = FA7949BA2507E72800048D9A /* Router.swift */; };
		FA7949BF2507E72800048D9A /* Router.swift in Sources */ = {isa = PBXBuildFile; fileRef = FA7949BA2507E72800048D9A /* Router.swift */; };
		FA7949C02507E72800048D9A /* SessionManager.swift in Sources */ = {isa = PBXBuildFile; fileRef = FA7949BB2507E72800048D9A /* SessionManager.swift */; };
		FA7949C12507E72800048D9A /* SessionManager.swift in Sources */ = {isa = PBXBuildFile; fileRef = FA7949BB2507E72800048D9A /* SessionManager.swift */; };
/* End PBXBuildFile section */

/* Begin PBXContainerItemProxy section */
		FA2D3C6A2507DEA50056126F /* PBXContainerItemProxy */ = {
			isa = PBXContainerItemProxy;
			containerPortal = FA2D3C192507C5460056126F /* Project object */;
			proxyType = 1;
			remoteGlobalIDString = FA2D3C202507C5460056126F;
			remoteInfo = SwiftUiDemonstration;
		};
/* End PBXContainerItemProxy section */

/* Begin PBXFileReference section */
		FA2D3C212507C5460056126F /* SwiftUiDemonstration.app */ = {isa = PBXFileReference; explicitFileType = wrapper.application; includeInIndex = 0; path = SwiftUiDemonstration.app; sourceTree = BUILT_PRODUCTS_DIR; };
		FA2D3C242507C5460056126F /* AppDelegate.swift */ = {isa = PBXFileReference; lastKnownFileType = sourcecode.swift; path = AppDelegate.swift; sourceTree = "<group>"; };
		FA2D3C262507C5460056126F /* SceneDelegate.swift */ = {isa = PBXFileReference; lastKnownFileType = sourcecode.swift; path = SceneDelegate.swift; sourceTree = "<group>"; };
		FA2D3C2A2507C5480056126F /* Assets.xcassets */ = {isa = PBXFileReference; lastKnownFileType = folder.assetcatalog; path = Assets.xcassets; sourceTree = "<group>"; };
		FA2D3C2D2507C5480056126F /* Preview Assets.xcassets */ = {isa = PBXFileReference; lastKnownFileType = folder.assetcatalog; path = "Preview Assets.xcassets"; sourceTree = "<group>"; };
		FA2D3C302507C5480056126F /* Base */ = {isa = PBXFileReference; lastKnownFileType = file.storyboard; name = Base; path = Base.lproj/LaunchScreen.storyboard; sourceTree = "<group>"; };
		FA2D3C322507C5480056126F /* Info.plist */ = {isa = PBXFileReference; lastKnownFileType = text.plist.xml; path = Info.plist; sourceTree = "<group>"; };
		FA2D3C3A2507C56A0056126F /* FeedView.swift */ = {isa = PBXFileReference; lastKnownFileType = sourcecode.swift; path = FeedView.swift; sourceTree = "<group>"; };
		FA2D3C3C2507C5C60056126F /* FeedViewModel.swift */ = {isa = PBXFileReference; lastKnownFileType = sourcecode.swift; path = FeedViewModel.swift; sourceTree = "<group>"; };
		FA2D3C432507C61E0056126F /* User.swift */ = {isa = PBXFileReference; fileEncoding = 4; lastKnownFileType = sourcecode.swift; path = User.swift; sourceTree = "<group>"; };
		FA2D3C472507C6240056126F /* UserService.swift */ = {isa = PBXFileReference; fileEncoding = 4; lastKnownFileType = sourcecode.swift; path = UserService.swift; sourceTree = "<group>"; };
		FA2D3C572507C75D0056126F /* ApiErrors.swift */ = {isa = PBXFileReference; lastKnownFileType = sourcecode.swift; path = ApiErrors.swift; sourceTree = "<group>"; };
		FA2D3C5A2507D6EE0056126F /* UserApiRouter.swift */ = {isa = PBXFileReference; lastKnownFileType = sourcecode.swift; path = UserApiRouter.swift; sourceTree = "<group>"; };
		FA2D3C5D2507DA8E0056126F /* UserViewModel.swift */ = {isa = PBXFileReference; lastKnownFileType = sourcecode.swift; path = UserViewModel.swift; sourceTree = "<group>"; };
		FA2D3C5E2507DA8E0056126F /* UserView.swift */ = {isa = PBXFileReference; lastKnownFileType = sourcecode.swift; path = UserView.swift; sourceTree = "<group>"; };
		FA2D3C652507DEA40056126F /* SwiftUiDemonstrationTests.xctest */ = {isa = PBXFileReference; explicitFileType = wrapper.cfbundle; includeInIndex = 0; path = SwiftUiDemonstrationTests.xctest; sourceTree = BUILT_PRODUCTS_DIR; };
		FA2D3C672507DEA40056126F /* SwiftUiDemonstrationTests.swift */ = {isa = PBXFileReference; lastKnownFileType = sourcecode.swift; path = SwiftUiDemonstrationTests.swift; sourceTree = "<group>"; };
		FA2D3C692507DEA40056126F /* Info.plist */ = {isa = PBXFileReference; lastKnownFileType = text.plist.xml; path = Info.plist; sourceTree = "<group>"; };
		FA7949B92507E72800048D9A /* APIService.swift */ = {isa = PBXFileReference; fileEncoding = 4; lastKnownFileType = sourcecode.swift; path = APIService.swift; sourceTree = "<group>"; };
		FA7949BA2507E72800048D9A /* Router.swift */ = {isa = PBXFileReference; fileEncoding = 4; lastKnownFileType = sourcecode.swift; path = Router.swift; sourceTree = "<group>"; };
		FA7949BB2507E72800048D9A /* SessionManager.swift */ = {isa = PBXFileReference; fileEncoding = 4; lastKnownFileType = sourcecode.swift; path = SessionManager.swift; sourceTree = "<group>"; };
/* End PBXFileReference section */

/* Begin PBXFrameworksBuildPhase section */
		FA2D3C1E2507C5460056126F /* Frameworks */ = {
			isa = PBXFrameworksBuildPhase;
			buildActionMask = 2147483647;
			files = (
			);
			runOnlyForDeploymentPostprocessing = 0;
		};
		FA2D3C622507DEA40056126F /* Frameworks */ = {
			isa = PBXFrameworksBuildPhase;
			buildActionMask = 2147483647;
			files = (
			);
			runOnlyForDeploymentPostprocessing = 0;
		};
/* End PBXFrameworksBuildPhase section */

/* Begin PBXGroup section */
		FA2D3C182507C5460056126F = {
			isa = PBXGroup;
			children = (
				FA2D3C232507C5460056126F /* SwiftUiDemonstration */,
				FA2D3C662507DEA40056126F /* SwiftUiDemonstrationTests */,
				FA2D3C222507C5460056126F /* Products */,
			);
			sourceTree = "<group>";
		};
		FA2D3C222507C5460056126F /* Products */ = {
			isa = PBXGroup;
			children = (
				FA2D3C212507C5460056126F /* SwiftUiDemonstration.app */,
				FA2D3C652507DEA40056126F /* SwiftUiDemonstrationTests.xctest */,
			);
			name = Products;
			sourceTree = "<group>";
		};
		FA2D3C232507C5460056126F /* SwiftUiDemonstration */ = {
			isa = PBXGroup;
			children = (
				FA7949B82507E72800048D9A /* API */,
				FA2D3C592507D6DA0056126F /* ApiRouters */,
				FA2D3C462507C6240056126F /* ApiServices */,
				FA2D3C562507C7470056126F /* Enums */,
				FA2D3C412507C61E0056126F /* Models */,
				FA2D3C382507C5510056126F /* Modules */,
				FA2D3C242507C5460056126F /* AppDelegate.swift */,
				FA2D3C262507C5460056126F /* SceneDelegate.swift */,
				FA2D3C2A2507C5480056126F /* Assets.xcassets */,
				FA2D3C2F2507C5480056126F /* LaunchScreen.storyboard */,
				FA2D3C322507C5480056126F /* Info.plist */,
				FA2D3C2C2507C5480056126F /* Preview Content */,
			);
			path = SwiftUiDemonstration;
			sourceTree = "<group>";
		};
		FA2D3C2C2507C5480056126F /* Preview Content */ = {
			isa = PBXGroup;
			children = (
				FA2D3C2D2507C5480056126F /* Preview Assets.xcassets */,
			);
			path = "Preview Content";
			sourceTree = "<group>";
		};
		FA2D3C382507C5510056126F /* Modules */ = {
			isa = PBXGroup;
			children = (
				FA2D3C5C2507DA830056126F /* User */,
				FA2D3C392507C5590056126F /* Feed */,
			);
			path = Modules;
			sourceTree = "<group>";
		};
		FA2D3C392507C5590056126F /* Feed */ = {
			isa = PBXGroup;
			children = (
				FA2D3C3A2507C56A0056126F /* FeedView.swift */,
				FA2D3C3C2507C5C60056126F /* FeedViewModel.swift */,
			);
			path = Feed;
			sourceTree = "<group>";
		};
		FA2D3C412507C61E0056126F /* Models */ = {
			isa = PBXGroup;
			children = (
				FA2D3C432507C61E0056126F /* User.swift */,
			);
			path = Models;
			sourceTree = "<group>";
		};
		FA2D3C462507C6240056126F /* ApiServices */ = {
			isa = PBXGroup;
			children = (
				FA2D3C472507C6240056126F /* UserService.swift */,
			);
			path = ApiServices;
			sourceTree = "<group>";
		};
		FA2D3C562507C7470056126F /* Enums */ = {
			isa = PBXGroup;
			children = (
				FA2D3C572507C75D0056126F /* ApiErrors.swift */,
			);
			path = Enums;
			sourceTree = "<group>";
		};
		FA2D3C592507D6DA0056126F /* ApiRouters */ = {
			isa = PBXGroup;
			children = (
				FA2D3C5A2507D6EE0056126F /* UserApiRouter.swift */,
			);
			path = ApiRouters;
			sourceTree = "<group>";
		};
		FA2D3C5C2507DA830056126F /* User */ = {
			isa = PBXGroup;
			children = (
				FA2D3C5E2507DA8E0056126F /* UserView.swift */,
				FA2D3C5D2507DA8E0056126F /* UserViewModel.swift */,
			);
			path = User;
			sourceTree = "<group>";
		};
		FA2D3C662507DEA40056126F /* SwiftUiDemonstrationTests */ = {
			isa = PBXGroup;
			children = (
				FA2D3C672507DEA40056126F /* SwiftUiDemonstrationTests.swift */,
				FA2D3C692507DEA40056126F /* Info.plist */,
			);
			path = SwiftUiDemonstrationTests;
			sourceTree = "<group>";
		};
		FA7949B82507E72800048D9A /* API */ = {
			isa = PBXGroup;
			children = (
				FA7949B92507E72800048D9A /* APIService.swift */,
				FA7949BA2507E72800048D9A /* Router.swift */,
				FA7949BB2507E72800048D9A /* SessionManager.swift */,
			);
			path = API;
			sourceTree = "<group>";
		};
/* End PBXGroup section */

/* Begin PBXNativeTarget section */
		FA2D3C202507C5460056126F /* SwiftUiDemonstration */ = {
			isa = PBXNativeTarget;
			buildConfigurationList = FA2D3C352507C5480056126F /* Build configuration list for PBXNativeTarget "SwiftUiDemonstration" */;
			buildPhases = (
				FA2D3C1D2507C5460056126F /* Sources */,
				FA2D3C1E2507C5460056126F /* Frameworks */,
				FA2D3C1F2507C5460056126F /* Resources */,
			);
			buildRules = (
			);
			dependencies = (
			);
			name = SwiftUiDemonstration;
			productName = SwiftUiDemonstration;
			productReference = FA2D3C212507C5460056126F /* SwiftUiDemonstration.app */;
			productType = "com.apple.product-type.application";
		};
		FA2D3C642507DEA40056126F /* SwiftUiDemonstrationTests */ = {
			isa = PBXNativeTarget;
			buildConfigurationList = FA2D3C6C2507DEA50056126F /* Build configuration list for PBXNativeTarget "SwiftUiDemonstrationTests" */;
			buildPhases = (
				FA2D3C612507DEA40056126F /* Sources */,
				FA2D3C622507DEA40056126F /* Frameworks */,
				FA2D3C632507DEA40056126F /* Resources */,
			);
			buildRules = (
			);
			dependencies = (
				FA2D3C6B2507DEA50056126F /* PBXTargetDependency */,
			);
			name = SwiftUiDemonstrationTests;
			productName = SwiftUiDemonstrationTests;
			productReference = FA2D3C652507DEA40056126F /* SwiftUiDemonstrationTests.xctest */;
			productType = "com.apple.product-type.bundle.unit-test";
		};
/* End PBXNativeTarget section */

/* Begin PBXProject section */
		FA2D3C192507C5460056126F /* Project object */ = {
			isa = PBXProject;
			attributes = {
				LastSwiftUpdateCheck = 1100;
				LastUpgradeCheck = 1100;
				ORGANIZATIONNAME = "Golovelv Maxim";
				TargetAttributes = {
					FA2D3C202507C5460056126F = {
						CreatedOnToolsVersion = 11.0;
					};
					FA2D3C642507DEA40056126F = {
						CreatedOnToolsVersion = 11.0;
						TestTargetID = FA2D3C202507C5460056126F;
					};
				};
			};
			buildConfigurationList = FA2D3C1C2507C5460056126F /* Build configuration list for PBXProject "SwiftUiDemonstration" */;
			compatibilityVersion = "Xcode 9.3";
			developmentRegion = en;
			hasScannedForEncodings = 0;
			knownRegions = (
				en,
				Base,
			);
			mainGroup = FA2D3C182507C5460056126F;
			productRefGroup = FA2D3C222507C5460056126F /* Products */;
			projectDirPath = "";
			projectRoot = "";
			targets = (
				FA2D3C202507C5460056126F /* SwiftUiDemonstration */,
				FA2D3C642507DEA40056126F /* SwiftUiDemonstrationTests */,
			);
		};
/* End PBXProject section */

/* Begin PBXResourcesBuildPhase section */
		FA2D3C1F2507C5460056126F /* Resources */ = {
			isa = PBXResourcesBuildPhase;
			buildActionMask = 2147483647;
			files = (
				FA2D3C312507C5480056126F /* LaunchScreen.storyboard in Resources */,
				FA2D3C2E2507C5480056126F /* Preview Assets.xcassets in Resources */,
				FA2D3C2B2507C5480056126F /* Assets.xcassets in Resources */,
			);
			runOnlyForDeploymentPostprocessing = 0;
		};
		FA2D3C632507DEA40056126F /* Resources */ = {
			isa = PBXResourcesBuildPhase;
			buildActionMask = 2147483647;
			files = (
			);
			runOnlyForDeploymentPostprocessing = 0;
		};
/* End PBXResourcesBuildPhase section */

/* Begin PBXSourcesBuildPhase section */
		FA2D3C1D2507C5460056126F /* Sources */ = {
			isa = PBXSourcesBuildPhase;
			buildActionMask = 2147483647;
			files = (
				FA2D3C252507C5460056126F /* AppDelegate.swift in Sources */,
				FA2D3C582507C75D0056126F /* ApiErrors.swift in Sources */,
				FA2D3C5B2507D6EE0056126F /* UserApiRouter.swift in Sources */,
				FA2D3C482507C6240056126F /* UserService.swift in Sources */,
				FA7949BE2507E72800048D9A /* Router.swift in Sources */,
				FA7949BC2507E72800048D9A /* APIService.swift in Sources */,
				FA2D3C272507C5460056126F /* SceneDelegate.swift in Sources */,
				FA2D3C5F2507DB470056126F /* UserView.swift in Sources */,
				FA2D3C452507C61E0056126F /* User.swift in Sources */,
				FA2D3C602507DB4B0056126F /* UserViewModel.swift in Sources */,
				FA2D3C3D2507C5C60056126F /* FeedViewModel.swift in Sources */,
				FA2D3C3B2507C56A0056126F /* FeedView.swift in Sources */,
				FA7949C02507E72800048D9A /* SessionManager.swift in Sources */,
			);
			runOnlyForDeploymentPostprocessing = 0;
		};
		FA2D3C612507DEA40056126F /* Sources */ = {
			isa = PBXSourcesBuildPhase;
			buildActionMask = 2147483647;
			files = (
				FA7949BF2507E72800048D9A /* Router.swift in Sources */,
				FA2D3C6F2507DF120056126F /* UserService.swift in Sources */,
				FA7949C12507E72800048D9A /* SessionManager.swift in Sources */,
				FA2D3C792507E0C60056126F /* UserViewModel.swift in Sources */,
				FA2D3C762507E0BD0056126F /* ApiErrors.swift in Sources */,
				FA2D3C682507DEA40056126F /* SwiftUiDemonstrationTests.swift in Sources */,
				FA2D3C7A2507E0C80056126F /* FeedView.swift in Sources */,
				FA2D3C752507E0B90056126F /* UserApiRouter.swift in Sources */,
				FA7949BD2507E72800048D9A /* APIService.swift in Sources */,
				FA2D3C782507E0C40056126F /* UserView.swift in Sources */,
				FA2D3C712507E0850056126F /* User.swift in Sources */,
				FA2D3C7B2507E0CB0056126F /* FeedViewModel.swift in Sources */,
			);
			runOnlyForDeploymentPostprocessing = 0;
		};
/* End PBXSourcesBuildPhase section */

/* Begin PBXTargetDependency section */
		FA2D3C6B2507DEA50056126F /* PBXTargetDependency */ = {
			isa = PBXTargetDependency;
			target = FA2D3C202507C5460056126F /* SwiftUiDemonstration */;
			targetProxy = FA2D3C6A2507DEA50056126F /* PBXContainerItemProxy */;
		};
/* End PBXTargetDependency section */

/* Begin PBXVariantGroup section */
		FA2D3C2F2507C5480056126F /* LaunchScreen.storyboard */ = {
			isa = PBXVariantGroup;
			children = (
				FA2D3C302507C5480056126F /* Base */,
			);
			name = LaunchScreen.storyboard;
			sourceTree = "<group>";
		};
/* End PBXVariantGroup section */

/* Begin XCBuildConfiguration section */
		FA2D3C332507C5480056126F /* Debug */ = {
			isa = XCBuildConfiguration;
			buildSettings = {
				ALWAYS_SEARCH_USER_PATHS = NO;
				CLANG_ANALYZER_NONNULL = YES;
				CLANG_ANALYZER_NUMBER_OBJECT_CONVERSION = YES_AGGRESSIVE;
				CLANG_CXX_LANGUAGE_STANDARD = "gnu++14";
				CLANG_CXX_LIBRARY = "libc++";
				CLANG_ENABLE_MODULES = YES;
				CLANG_ENABLE_OBJC_ARC = YES;
				CLANG_ENABLE_OBJC_WEAK = YES;
				CLANG_WARN_BLOCK_CAPTURE_AUTORELEASING = YES;
				CLANG_WARN_BOOL_CONVERSION = YES;
				CLANG_WARN_COMMA = YES;
				CLANG_WARN_CONSTANT_CONVERSION = YES;
				CLANG_WARN_DEPRECATED_OBJC_IMPLEMENTATIONS = YES;
				CLANG_WARN_DIRECT_OBJC_ISA_USAGE = YES_ERROR;
				CLANG_WARN_DOCUMENTATION_COMMENTS = YES;
				CLANG_WARN_EMPTY_BODY = YES;
				CLANG_WARN_ENUM_CONVERSION = YES;
				CLANG_WARN_INFINITE_RECURSION = YES;
				CLANG_WARN_INT_CONVERSION = YES;
				CLANG_WARN_NON_LITERAL_NULL_CONVERSION = YES;
				CLANG_WARN_OBJC_IMPLICIT_RETAIN_SELF = YES;
				CLANG_WARN_OBJC_LITERAL_CONVERSION = YES;
				CLANG_WARN_OBJC_ROOT_CLASS = YES_ERROR;
				CLANG_WARN_RANGE_LOOP_ANALYSIS = YES;
				CLANG_WARN_STRICT_PROTOTYPES = YES;
				CLANG_WARN_SUSPICIOUS_MOVE = YES;
				CLANG_WARN_UNGUARDED_AVAILABILITY = YES_AGGRESSIVE;
				CLANG_WARN_UNREACHABLE_CODE = YES;
				CLANG_WARN__DUPLICATE_METHOD_MATCH = YES;
				COPY_PHASE_STRIP = NO;
				DEBUG_INFORMATION_FORMAT = dwarf;
				ENABLE_STRICT_OBJC_MSGSEND = YES;
				ENABLE_TESTABILITY = YES;
				GCC_C_LANGUAGE_STANDARD = gnu11;
				GCC_DYNAMIC_NO_PIC = NO;
				GCC_NO_COMMON_BLOCKS = YES;
				GCC_OPTIMIZATION_LEVEL = 0;
				GCC_PREPROCESSOR_DEFINITIONS = (
					"DEBUG=1",
					"$(inherited)",
				);
				GCC_WARN_64_TO_32_BIT_CONVERSION = YES;
				GCC_WARN_ABOUT_RETURN_TYPE = YES_ERROR;
				GCC_WARN_UNDECLARED_SELECTOR = YES;
				GCC_WARN_UNINITIALIZED_AUTOS = YES_AGGRESSIVE;
				GCC_WARN_UNUSED_FUNCTION = YES;
				GCC_WARN_UNUSED_VARIABLE = YES;
				IPHONEOS_DEPLOYMENT_TARGET = 13.0;
				MTL_ENABLE_DEBUG_INFO = INCLUDE_SOURCE;
				MTL_FAST_MATH = YES;
				ONLY_ACTIVE_ARCH = YES;
				SDKROOT = iphoneos;
				SWIFT_ACTIVE_COMPILATION_CONDITIONS = DEBUG;
				SWIFT_OPTIMIZATION_LEVEL = "-Onone";
			};
			name = Debug;
		};
		FA2D3C342507C5480056126F /* Release */ = {
			isa = XCBuildConfiguration;
			buildSettings = {
				ALWAYS_SEARCH_USER_PATHS = NO;
				CLANG_ANALYZER_NONNULL = YES;
				CLANG_ANALYZER_NUMBER_OBJECT_CONVERSION = YES_AGGRESSIVE;
				CLANG_CXX_LANGUAGE_STANDARD = "gnu++14";
				CLANG_CXX_LIBRARY = "libc++";
				CLANG_ENABLE_MODULES = YES;
				CLANG_ENABLE_OBJC_ARC = YES;
				CLANG_ENABLE_OBJC_WEAK = YES;
				CLANG_WARN_BLOCK_CAPTURE_AUTORELEASING = YES;
				CLANG_WARN_BOOL_CONVERSION = YES;
				CLANG_WARN_COMMA = YES;
				CLANG_WARN_CONSTANT_CONVERSION = YES;
				CLANG_WARN_DEPRECATED_OBJC_IMPLEMENTATIONS = YES;
				CLANG_WARN_DIRECT_OBJC_ISA_USAGE = YES_ERROR;
				CLANG_WARN_DOCUMENTATION_COMMENTS = YES;
				CLANG_WARN_EMPTY_BODY = YES;
				CLANG_WARN_ENUM_CONVERSION = YES;
				CLANG_WARN_INFINITE_RECURSION = YES;
				CLANG_WARN_INT_CONVERSION = YES;
				CLANG_WARN_NON_LITERAL_NULL_CONVERSION = YES;
				CLANG_WARN_OBJC_IMPLICIT_RETAIN_SELF = YES;
				CLANG_WARN_OBJC_LITERAL_CONVERSION = YES;
				CLANG_WARN_OBJC_ROOT_CLASS = YES_ERROR;
				CLANG_WARN_RANGE_LOOP_ANALYSIS = YES;
				CLANG_WARN_STRICT_PROTOTYPES = YES;
				CLANG_WARN_SUSPICIOUS_MOVE = YES;
				CLANG_WARN_UNGUARDED_AVAILABILITY = YES_AGGRESSIVE;
				CLANG_WARN_UNREACHABLE_CODE = YES;
				CLANG_WARN__DUPLICATE_METHOD_MATCH = YES;
				COPY_PHASE_STRIP = NO;
				DEBUG_INFORMATION_FORMAT = "dwarf-with-dsym";
				ENABLE_NS_ASSERTIONS = NO;
				ENABLE_STRICT_OBJC_MSGSEND = YES;
				GCC_C_LANGUAGE_STANDARD = gnu11;
				GCC_NO_COMMON_BLOCKS = YES;
				GCC_WARN_64_TO_32_BIT_CONVERSION = YES;
				GCC_WARN_ABOUT_RETURN_TYPE = YES_ERROR;
				GCC_WARN_UNDECLARED_SELECTOR = YES;
				GCC_WARN_UNINITIALIZED_AUTOS = YES_AGGRESSIVE;
				GCC_WARN_UNUSED_FUNCTION = YES;
				GCC_WARN_UNUSED_VARIABLE = YES;
				IPHONEOS_DEPLOYMENT_TARGET = 13.0;
				MTL_ENABLE_DEBUG_INFO = NO;
				MTL_FAST_MATH = YES;
				SDKROOT = iphoneos;
				SWIFT_COMPILATION_MODE = wholemodule;
				SWIFT_OPTIMIZATION_LEVEL = "-O";
				VALIDATE_PRODUCT = YES;
			};
			name = Release;
		};
		FA2D3C362507C5480056126F /* Debug */ = {
			isa = XCBuildConfiguration;
			buildSettings = {
				ASSETCATALOG_COMPILER_APPICON_NAME = AppIcon;
				CODE_SIGN_STYLE = Automatic;
				DEVELOPMENT_ASSET_PATHS = "\"SwiftUiDemonstration/Preview Content\"";
				DEVELOPMENT_TEAM = L9X87CF2B9;
				ENABLE_PREVIEWS = YES;
				INFOPLIST_FILE = SwiftUiDemonstration/Info.plist;
				LD_RUNPATH_SEARCH_PATHS = (
					"$(inherited)",
					"@executable_path/Frameworks",
				);
				PRODUCT_BUNDLE_IDENTIFIER = com.golovlev.maxim.SwiftUiDemonstration;
				PRODUCT_NAME = "$(TARGET_NAME)";
				SWIFT_VERSION = 5.0;
				TARGETED_DEVICE_FAMILY = "1,2";
			};
			name = Debug;
		};
		FA2D3C372507C5480056126F /* Release */ = {
			isa = XCBuildConfiguration;
			buildSettings = {
				ASSETCATALOG_COMPILER_APPICON_NAME = AppIcon;
				CODE_SIGN_STYLE = Automatic;
				DEVELOPMENT_ASSET_PATHS = "\"SwiftUiDemonstration/Preview Content\"";
				DEVELOPMENT_TEAM = L9X87CF2B9;
				ENABLE_PREVIEWS = YES;
				INFOPLIST_FILE = SwiftUiDemonstration/Info.plist;
				LD_RUNPATH_SEARCH_PATHS = (
					"$(inherited)",
					"@executable_path/Frameworks",
				);
				PRODUCT_BUNDLE_IDENTIFIER = com.golovlev.maxim.SwiftUiDemonstration;
				PRODUCT_NAME = "$(TARGET_NAME)";
				SWIFT_VERSION = 5.0;
				TARGETED_DEVICE_FAMILY = "1,2";
			};
			name = Release;
		};
		FA2D3C6D2507DEA50056126F /* Debug */ = {
			isa = XCBuildConfiguration;
			buildSettings = {
				BUNDLE_LOADER = "$(TEST_HOST)";
				CODE_SIGN_STYLE = Automatic;
				DEVELOPMENT_TEAM = L9X87CF2B9;
				INFOPLIST_FILE = SwiftUiDemonstrationTests/Info.plist;
				LD_RUNPATH_SEARCH_PATHS = (
					"$(inherited)",
					"@executable_path/Frameworks",
					"@loader_path/Frameworks",
				);
				PRODUCT_BUNDLE_IDENTIFIER = com.golovlev.maxim.SwiftUiDemonstrationTests;
				PRODUCT_NAME = "$(TARGET_NAME)";
				SWIFT_VERSION = 5.0;
				TARGETED_DEVICE_FAMILY = "1,2";
				TEST_HOST = "$(BUILT_PRODUCTS_DIR)/SwiftUiDemonstration.app/SwiftUiDemonstration";
			};
			name = Debug;
		};
		FA2D3C6E2507DEA50056126F /* Release */ = {
			isa = XCBuildConfiguration;
			buildSettings = {
				BUNDLE_LOADER = "$(TEST_HOST)";
				CODE_SIGN_STYLE = Automatic;
				DEVELOPMENT_TEAM = L9X87CF2B9;
				INFOPLIST_FILE = SwiftUiDemonstrationTests/Info.plist;
				LD_RUNPATH_SEARCH_PATHS = (
					"$(inherited)",
					"@executable_path/Frameworks",
					"@loader_path/Frameworks",
				);
				PRODUCT_BUNDLE_IDENTIFIER = com.golovlev.maxim.SwiftUiDemonstrationTests;
				PRODUCT_NAME = "$(TARGET_NAME)";
				SWIFT_VERSION = 5.0;
				TARGETED_DEVICE_FAMILY = "1,2";
				TEST_HOST = "$(BUILT_PRODUCTS_DIR)/SwiftUiDemonstration.app/SwiftUiDemonstration";
			};
			name = Release;
		};
/* End XCBuildConfiguration section */

/* Begin XCConfigurationList section */
		FA2D3C1C2507C5460056126F /* Build configuration list for PBXProject "SwiftUiDemonstration" */ = {
			isa = XCConfigurationList;
			buildConfigurations = (
				FA2D3C332507C5480056126F /* Debug */,
				FA2D3C342507C5480056126F /* Release */,
			);
			defaultConfigurationIsVisible = 0;
			defaultConfigurationName = Release;
		};
		FA2D3C352507C5480056126F /* Build configuration list for PBXNativeTarget "SwiftUiDemonstration" */ = {
			isa = XCConfigurationList;
			buildConfigurations = (
				FA2D3C362507C5480056126F /* Debug */,
				FA2D3C372507C5480056126F /* Release */,
			);
			defaultConfigurationIsVisible = 0;
			defaultConfigurationName = Release;
		};
		FA2D3C6C2507DEA50056126F /* Build configuration list for PBXNativeTarget "SwiftUiDemonstrationTests" */ = {
			isa = XCConfigurationList;
			buildConfigurations = (
				FA2D3C6D2507DEA50056126F /* Debug */,
				FA2D3C6E2507DEA50056126F /* Release */,
			);
			defaultConfigurationIsVisible = 0;
			defaultConfigurationName = Release;
		};
/* End XCConfigurationList section */
	};
	rootObject = FA2D3C192507C5460056126F /* Project object */;
}
